<?xml version="1.0" encoding="utf-8"?>
<Project ToolsVersion="4.0" xmlns="http://schemas.microsoft.com/developer/msbuild/2003">
  <ItemGroup>
    <Filter Include="src">
      <UniqueIdentifier>{f2d71cfd-9e10-45fb-a328-d3a835d463b7}</UniqueIdentifier>
    </Filter>
    <Filter Include="src\3rd">
      <UniqueIdentifier>{655d28c8-1be3-4f55-a64a-432a4cc90372}</UniqueIdentifier>
    </Filter>
    <Filter Include="src\3rd\crypt">
      <UniqueIdentifier>{04f7063a-d162-4271-ad3a-ba98208c2566}</UniqueIdentifier>
    </Filter>
    <Filter Include="src\3rd\http_parser">
      <UniqueIdentifier>{e9ba5af0-4f84-4c17-947f-9c7394374e0c}</UniqueIdentifier>
    </Filter>
    <Filter Include="src\3rd\mjson">
      <UniqueIdentifier>{75042ce3-743c-4aea-bb9d-b0bb4b57f97e}</UniqueIdentifier>
    </Filter>
    <Filter Include="src\gate_moduel">
      <UniqueIdentifier>{9b4ec59c-5e60-4ae1-9516-e322601815cc}</UniqueIdentifier>
    </Filter>
    <Filter Include="src\gate_moduel\net">
      <UniqueIdentifier>{4ef63591-cc86-4a0b-a170-f224424721ce}</UniqueIdentifier>
    </Filter>
    <Filter Include="src\gate_moduel\session">
      <UniqueIdentifier>{d9d6b3ad-01d6-4d9a-8974-7dde3b402f91}</UniqueIdentifier>
    </Filter>
    <Filter Include="src\utils">
      <UniqueIdentifier>{7e40567b-377d-4bb6-b533-196bacfe6d13}</UniqueIdentifier>
    </Filter>
    <Filter Include="src\gate_moduel\netbus">
      <UniqueIdentifier>{a086fc65-ca1d-4ccc-8cfe-71183cf6e527}</UniqueIdentifier>
    </Filter>
  </ItemGroup>
  <ItemGroup>
    <ClCompile Include="..\center_server\main.c">
      <Filter>src</Filter>
    </ClCompile>
    <ClCompile Include="..\3rd\crypt\base64_encoder.c">
      <Filter>src\3rd\crypt</Filter>
    </ClCompile>
    <ClCompile Include="..\3rd\crypt\sha1.c">
      <Filter>src\3rd\crypt</Filter>
    </ClCompile>
    <ClCompile Include="..\3rd\http_parser\http_parser.c">
      <Filter>src\3rd\http_parser</Filter>
    </ClCompile>
    <ClCompile Include="..\3rd\mjson\json.c">
      <Filter>src\3rd\mjson</Filter>
    </ClCompile>
    <ClCompile Include="..\3rd\mjson\json_extends.c">
      <Filter>src\3rd\mjson</Filter>
    </ClCompile>
    <ClCompile Include="..\gate_moduel\net\net_iocp_win.c">
      <Filter>src\gate_moduel\net</Filter>
    </ClCompile>
    <ClCompile Include="..\gate_moduel\session\tcp_session.c">
      <Filter>src\gate_moduel\session</Filter>
    </ClCompile>
    <ClCompile Include="..\utils\log.c">
      <Filter>src\utils</Filter>
    </ClCompile>
    <ClCompile Include="..\utils\timer_list.c">
      <Filter>src\utils</Filter>
    </ClCompile>
    <ClCompile Include="..\center_server\src\cener_config.c">
      <Filter>src</Filter>
    </ClCompile>
    <ClCompile Include="..\center_server\src\center_services.c">
      <Filter>src</Filter>
    </ClCompile>
    <ClCompile Include="..\gate_moduel\netbus\netbus.c">
      <Filter>src\gate_moduel\netbus</Filter>
    </ClCompile>
  </ItemGroup>
  <ItemGroup>
    <ClInclude Include="..\3rd\crypt\base64_encoder.h">
      <Filter>src\3rd\crypt</Filter>
    </ClInclude>
    <ClInclude Include="..\3rd\crypt\sha1.h">
      <Filter>src\3rd\crypt</Filter>
    </ClInclude>
    <ClInclude Include="..\3rd\http_parser\http_parser.h">
      <Filter>src\3rd\http_parser</Filter>
    </ClInclude>
    <ClInclude Include="..\3rd\mjson\json.h">
      <Filter>src\3rd\mjson</Filter>
    </ClInclude>
    <ClInclude Include="..\3rd\mjson\json_extends.h">
      <Filter>src\3rd\mjson</Filter>
    </ClInclude>
    <ClInclude Include="..\gate_moduel\net\net_io.h">
      <Filter>src\gate_moduel\net</Filter>
    </ClInclude>
    <ClInclude Include="..\gate_moduel\session\tcp_session.h">
      <Filter>src\gate_moduel\session</Filter>
    </ClInclude>
    <ClInclude Include="..\utils\log.h">
      <Filter>src\utils</Filter>
    </ClInclude>
    <ClInclude Include="..\utils\timer.h">
      <Filter>src\utils</Filter>
    </ClInclude>
    <ClInclude Include="..\utils\timer_list.h">
      <Filter>src\utils</Filter>
    </ClInclude>
    <ClInclude Include="..\center_server\src\cener_config.h">
      <Filter>src</Filter>
    </ClInclude>
    <ClInclude Include="..\center_server\src\center_services.h">
      <Filter>src</Filter>
    </ClInclude>
    <ClInclude Include="..\gate_moduel\netbus\netbus.h">
      <Filter>src\gate_moduel\netbus</Filter>
    </ClInclude>
  </ItemGroup>
</Project>