<?xml version="1.0" encoding="utf-8"?>
<Project ToolsVersion="4.0" xmlns="http://schemas.microsoft.com/developer/msbuild/2003">
  <ItemGroup>
    <Filter Include="src">
      <UniqueIdentifier>{f2d71cfd-9e10-45fb-a328-d3a835d463b7}</UniqueIdentifier>
    </Filter>
    <Filter Include="src\3rd">
      <UniqueIdentifier>{655d28c8-1be3-4f55-a64a-432a4cc90372}</UniqueIdentifier>
    </Filter>
    <Filter Include="src\3rd\crypt">
      <UniqueIdentifier>{04f7063a-d162-4271-ad3a-ba98208c2566}</UniqueIdentifier>
    </Filter>
    <Filter Include="src\3rd\http_parser">
      <UniqueIdentifier>{e9ba5af0-4f84-4c17-947f-9c7394374e0c}</UniqueIdentifier>
    </Filter>
    <Filter Include="src\3rd\mjson">
      <UniqueIdentifier>{75042ce3-743c-4aea-bb9d-b0bb4b57f97e}</UniqueIdentifier>
    </Filter>
    <Filter Include="src\utils">
      <UniqueIdentifier>{7e40567b-377d-4bb6-b533-196bacfe6d13}</UniqueIdentifier>
    </Filter>
    <Filter Include="src\moduel">
      <UniqueIdentifier>{7fae91f1-97df-400f-9a4e-45d103e201de}</UniqueIdentifier>
    </Filter>
    <Filter Include="src\moduel\net">
      <UniqueIdentifier>{115ac1d1-55bd-4be7-8960-46cc1c094159}</UniqueIdentifier>
    </Filter>
    <Filter Include="src\moduel\netbus">
      <UniqueIdentifier>{87bd0e8f-fb8d-40c5-9612-a26a9243a7b6}</UniqueIdentifier>
    </Filter>
    <Filter Include="src\moduel\session">
      <UniqueIdentifier>{319c41ae-1f14-4824-9bed-4a1d1a9d23b3}</UniqueIdentifier>
    </Filter>
    <Filter Include="src\db_moduels">
      <UniqueIdentifier>{8f475e83-ddbe-4987-8a83-ccf55f9d944c}</UniqueIdentifier>
    </Filter>
    <Filter Include="src\logic_moduels">
      <UniqueIdentifier>{2e4e5bb4-f650-4a86-9734-fb2c8b323761}</UniqueIdentifier>
    </Filter>
    <Filter Include="src\database">
      <UniqueIdentifier>{df9acf01-b93d-426a-9530-21539e99e3ec}</UniqueIdentifier>
    </Filter>
    <Filter Include="src\3rd\libuv">
      <UniqueIdentifier>{a2407722-59cb-43a8-8cf6-612394f51270}</UniqueIdentifier>
    </Filter>
    <Filter Include="src\3rd\libuv\include">
      <UniqueIdentifier>{5a204d3a-78e7-4bbe-b3c5-a6d8c3e171d0}</UniqueIdentifier>
    </Filter>
    <Filter Include="src\3rd\libuv\src">
      <UniqueIdentifier>{58bcf13e-8e93-4070-bdaf-15328db5d6c8}</UniqueIdentifier>
    </Filter>
    <Filter Include="src\3rd\libuv\src\win">
      <UniqueIdentifier>{04e34def-f002-483b-9651-4a84e0844493}</UniqueIdentifier>
    </Filter>
  </ItemGroup>
  <ItemGroup>
    <ClCompile Include="..\center_server\main.c">
      <Filter>src</Filter>
    </ClCompile>
    <ClCompile Include="..\3rd\crypt\base64_encoder.c">
      <Filter>src\3rd\crypt</Filter>
    </ClCompile>
    <ClCompile Include="..\3rd\crypt\sha1.c">
      <Filter>src\3rd\crypt</Filter>
    </ClCompile>
    <ClCompile Include="..\3rd\http_parser\http_parser.c">
      <Filter>src\3rd\http_parser</Filter>
    </ClCompile>
    <ClCompile Include="..\3rd\mjson\json.c">
      <Filter>src\3rd\mjson</Filter>
    </ClCompile>
    <ClCompile Include="..\3rd\mjson\json_extends.c">
      <Filter>src\3rd\mjson</Filter>
    </ClCompile>
    <ClCompile Include="..\utils\log.c">
      <Filter>src\utils</Filter>
    </ClCompile>
    <ClCompile Include="..\utils\timer_list.c">
      <Filter>src\utils</Filter>
    </ClCompile>
    <ClCompile Include="..\center_server\src\cener_config.c">
      <Filter>src</Filter>
    </ClCompile>
    <ClCompile Include="..\moduel\net\net_iocp_win.c">
      <Filter>src\moduel\net</Filter>
    </ClCompile>
    <ClCompile Include="..\moduel\netbus\netbus.c">
      <Filter>src\moduel\netbus</Filter>
    </ClCompile>
    <ClCompile Include="..\moduel\session\tcp_session.c">
      <Filter>src\moduel\session</Filter>
    </ClCompile>
    <ClCompile Include="..\command.c">
      <Filter>src</Filter>
    </ClCompile>
    <ClCompile Include="..\center_server\src\center_services.c">
      <Filter>src</Filter>
    </ClCompile>
    <ClCompile Include="..\center_server\src\db_moduels\login_moduel.c">
      <Filter>src\db_moduels</Filter>
    </ClCompile>
    <ClCompile Include="..\center_server\src\logic_moduels\auth.c">
      <Filter>src\logic_moduels</Filter>
    </ClCompile>
    <ClCompile Include="..\database\center_db.c">
      <Filter>src\database</Filter>
    </ClCompile>
    <ClCompile Include="..\database\center_db_conf.c">
      <Filter>src\database</Filter>
    </ClCompile>
    <ClCompile Include="..\moduel\netbus\session_key_mgr.c">
      <Filter>src\moduel\netbus</Filter>
    </ClCompile>
    <ClCompile Include="..\utils\hash_map_int.c">
      <Filter>src\utils</Filter>
    </ClCompile>
    <ClCompile Include="..\moduel\net\net_uv.c">
      <Filter>src\moduel\net</Filter>
    </ClCompile>
    <ClCompile Include="..\3rd\libuv\src\fs-poll.c">
      <Filter>src\3rd\libuv\src</Filter>
    </ClCompile>
    <ClCompile Include="..\3rd\libuv\src\inet.c">
      <Filter>src\3rd\libuv\src</Filter>
    </ClCompile>
    <ClCompile Include="..\3rd\libuv\src\threadpool.c">
      <Filter>src\3rd\libuv\src</Filter>
    </ClCompile>
    <ClCompile Include="..\3rd\libuv\src\uv-common.c">
      <Filter>src\3rd\libuv\src</Filter>
    </ClCompile>
    <ClCompile Include="..\3rd\libuv\src\version.c">
      <Filter>src\3rd\libuv\src</Filter>
    </ClCompile>
    <ClCompile Include="..\3rd\libuv\src\win\async.c">
      <Filter>src\3rd\libuv\src</Filter>
    </ClCompile>
    <ClCompile Include="..\3rd\libuv\src\win\core.c">
      <Filter>src\3rd\libuv\src</Filter>
    </ClCompile>
    <ClCompile Include="..\3rd\libuv\src\win\dl.c">
      <Filter>src\3rd\libuv\src</Filter>
    </ClCompile>
    <ClCompile Include="..\3rd\libuv\src\win\error.c">
      <Filter>src\3rd\libuv\src</Filter>
    </ClCompile>
    <ClCompile Include="..\3rd\libuv\src\win\fs.c">
      <Filter>src\3rd\libuv\src</Filter>
    </ClCompile>
    <ClCompile Include="..\3rd\libuv\src\win\fs-event.c">
      <Filter>src\3rd\libuv\src</Filter>
    </ClCompile>
    <ClCompile Include="..\3rd\libuv\src\win\getaddrinfo.c">
      <Filter>src\3rd\libuv\src</Filter>
    </ClCompile>
    <ClCompile Include="..\3rd\libuv\src\win\getnameinfo.c">
      <Filter>src\3rd\libuv\src</Filter>
    </ClCompile>
    <ClCompile Include="..\3rd\libuv\src\win\handle.c">
      <Filter>src\3rd\libuv\src</Filter>
    </ClCompile>
    <ClCompile Include="..\3rd\libuv\src\win\loop-watcher.c">
      <Filter>src\3rd\libuv\src</Filter>
    </ClCompile>
    <ClCompile Include="..\3rd\libuv\src\win\pipe.c">
      <Filter>src\3rd\libuv\src</Filter>
    </ClCompile>
    <ClCompile Include="..\3rd\libuv\src\win\poll.c">
      <Filter>src\3rd\libuv\src</Filter>
    </ClCompile>
    <ClCompile Include="..\3rd\libuv\src\win\process.c">
      <Filter>src\3rd\libuv\src</Filter>
    </ClCompile>
    <ClCompile Include="..\3rd\libuv\src\win\process-stdio.c">
      <Filter>src\3rd\libuv\src</Filter>
    </ClCompile>
    <ClCompile Include="..\3rd\libuv\src\win\req.c">
      <Filter>src\3rd\libuv\src</Filter>
    </ClCompile>
    <ClCompile Include="..\3rd\libuv\src\win\signal.c">
      <Filter>src\3rd\libuv\src</Filter>
    </ClCompile>
    <ClCompile Include="..\3rd\libuv\src\win\snprintf.c">
      <Filter>src\3rd\libuv\src</Filter>
    </ClCompile>
    <ClCompile Include="..\3rd\libuv\src\win\stream.c">
      <Filter>src\3rd\libuv\src</Filter>
    </ClCompile>
    <ClCompile Include="..\3rd\libuv\src\win\tcp.c">
      <Filter>src\3rd\libuv\src</Filter>
    </ClCompile>
    <ClCompile Include="..\3rd\libuv\src\win\thread.c">
      <Filter>src\3rd\libuv\src</Filter>
    </ClCompile>
    <ClCompile Include="..\3rd\libuv\src\win\timer.c">
      <Filter>src\3rd\libuv\src</Filter>
    </ClCompile>
    <ClCompile Include="..\3rd\libuv\src\win\tty.c">
      <Filter>src\3rd\libuv\src</Filter>
    </ClCompile>
    <ClCompile Include="..\3rd\libuv\src\win\udp.c">
      <Filter>src\3rd\libuv\src</Filter>
    </ClCompile>
    <ClCompile Include="..\3rd\libuv\src\win\util.c">
      <Filter>src\3rd\libuv\src</Filter>
    </ClCompile>
    <ClCompile Include="..\3rd\libuv\src\win\winapi.c">
      <Filter>src\3rd\libuv\src</Filter>
    </ClCompile>
    <ClCompile Include="..\3rd\libuv\src\win\winsock.c">
      <Filter>src\3rd\libuv\src</Filter>
    </ClCompile>
  </ItemGroup>
  <ItemGroup>
    <ClInclude Include="..\3rd\crypt\base64_encoder.h">
      <Filter>src\3rd\crypt</Filter>
    </ClInclude>
    <ClInclude Include="..\3rd\crypt\sha1.h">
      <Filter>src\3rd\crypt</Filter>
    </ClInclude>
    <ClInclude Include="..\3rd\http_parser\http_parser.h">
      <Filter>src\3rd\http_parser</Filter>
    </ClInclude>
    <ClInclude Include="..\3rd\mjson\json.h">
      <Filter>src\3rd\mjson</Filter>
    </ClInclude>
    <ClInclude Include="..\3rd\mjson\json_extends.h">
      <Filter>src\3rd\mjson</Filter>
    </ClInclude>
    <ClInclude Include="..\utils\log.h">
      <Filter>src\utils</Filter>
    </ClInclude>
    <ClInclude Include="..\utils\timer.h">
      <Filter>src\utils</Filter>
    </ClInclude>
    <ClInclude Include="..\utils\timer_list.h">
      <Filter>src\utils</Filter>
    </ClInclude>
    <ClInclude Include="..\center_server\src\cener_config.h">
      <Filter>src</Filter>
    </ClInclude>
    <ClInclude Include="..\center_server\src\center_services.h">
      <Filter>src</Filter>
    </ClInclude>
    <ClInclude Include="..\moduel\net\net_io.h">
      <Filter>src\moduel\net</Filter>
    </ClInclude>
    <ClInclude Include="..\moduel\netbus\netbus.h">
      <Filter>src\moduel\netbus</Filter>
    </ClInclude>
    <ClInclude Include="..\moduel\session\tcp_session.h">
      <Filter>src\moduel\session</Filter>
    </ClInclude>
    <ClInclude Include="..\command.h">
      <Filter>src</Filter>
    </ClInclude>
    <ClInclude Include="..\center_server\src\db_moduels\login_moduel.h">
      <Filter>src\db_moduels</Filter>
    </ClInclude>
    <ClInclude Include="..\center_server\src\logic_moduels\auth.h">
      <Filter>src\logic_moduels</Filter>
    </ClInclude>
    <ClInclude Include="..\database\center_db.h">
      <Filter>src\database</Filter>
    </ClInclude>
    <ClInclude Include="..\database\center_db_conf.h">
      <Filter>src\database</Filter>
    </ClInclude>
    <ClInclude Include="..\moduel\netbus\session_key_mgr.h">
      <Filter>src\moduel\netbus</Filter>
    </ClInclude>
    <ClInclude Include="..\utils\hash_map_int.h">
      <Filter>src\utils</Filter>
    </ClInclude>
    <ClInclude Include="..\3rd\libuv\include\android-ifaddrs.h">
      <Filter>src\3rd\libuv\include</Filter>
    </ClInclude>
    <ClInclude Include="..\3rd\libuv\include\pthread-barrier.h">
      <Filter>src\3rd\libuv\include</Filter>
    </ClInclude>
    <ClInclude Include="..\3rd\libuv\include\stdint-msvc2008.h">
      <Filter>src\3rd\libuv\include</Filter>
    </ClInclude>
    <ClInclude Include="..\3rd\libuv\include\tree.h">
      <Filter>src\3rd\libuv\include</Filter>
    </ClInclude>
    <ClInclude Include="..\3rd\libuv\include\uv.h">
      <Filter>src\3rd\libuv\include</Filter>
    </ClInclude>
    <ClInclude Include="..\3rd\libuv\include\uv-aix.h">
      <Filter>src\3rd\libuv\include</Filter>
    </ClInclude>
    <ClInclude Include="..\3rd\libuv\include\uv-bsd.h">
      <Filter>src\3rd\libuv\include</Filter>
    </ClInclude>
    <ClInclude Include="..\3rd\libuv\include\uv-darwin.h">
      <Filter>src\3rd\libuv\include</Filter>
    </ClInclude>
    <ClInclude Include="..\3rd\libuv\include\uv-errno.h">
      <Filter>src\3rd\libuv\include</Filter>
    </ClInclude>
    <ClInclude Include="..\3rd\libuv\include\uv-linux.h">
      <Filter>src\3rd\libuv\include</Filter>
    </ClInclude>
    <ClInclude Include="..\3rd\libuv\include\uv-sunos.h">
      <Filter>src\3rd\libuv\include</Filter>
    </ClInclude>
    <ClInclude Include="..\3rd\libuv\include\uv-threadpool.h">
      <Filter>src\3rd\libuv\include</Filter>
    </ClInclude>
    <ClInclude Include="..\3rd\libuv\include\uv-unix.h">
      <Filter>src\3rd\libuv\include</Filter>
    </ClInclude>
    <ClInclude Include="..\3rd\libuv\include\uv-version.h">
      <Filter>src\3rd\libuv\include</Filter>
    </ClInclude>
    <ClInclude Include="..\3rd\libuv\include\uv-win.h">
      <Filter>src\3rd\libuv\include</Filter>
    </ClInclude>
    <ClInclude Include="..\3rd\libuv\src\heap-inl.h">
      <Filter>src\3rd\libuv\src</Filter>
    </ClInclude>
    <ClInclude Include="..\3rd\libuv\src\queue.h">
      <Filter>src\3rd\libuv\src</Filter>
    </ClInclude>
    <ClInclude Include="..\3rd\libuv\src\uv-common.h">
      <Filter>src\3rd\libuv\src</Filter>
    </ClInclude>
    <ClInclude Include="..\3rd\libuv\src\win\atomicops-inl.h">
      <Filter>src\3rd\libuv\src</Filter>
    </ClInclude>
    <ClInclude Include="..\3rd\libuv\src\win\handle-inl.h">
      <Filter>src\3rd\libuv\src</Filter>
    </ClInclude>
    <ClInclude Include="..\3rd\libuv\src\win\internal.h">
      <Filter>src\3rd\libuv\src</Filter>
    </ClInclude>
    <ClInclude Include="..\3rd\libuv\src\win\req-inl.h">
      <Filter>src\3rd\libuv\src</Filter>
    </ClInclude>
    <ClInclude Include="..\3rd\libuv\src\win\stream-inl.h">
      <Filter>src\3rd\libuv\src</Filter>
    </ClInclude>
    <ClInclude Include="..\3rd\libuv\src\win\winapi.h">
      <Filter>src\3rd\libuv\src</Filter>
    </ClInclude>
    <ClInclude Include="..\3rd\libuv\src\win\winsock.h">
      <Filter>src\3rd\libuv\src</Filter>
    </ClInclude>
  </ItemGroup>
</Project>