<?xml version="1.0" encoding="utf-8"?>
<Project ToolsVersion="4.0" xmlns="http://schemas.microsoft.com/developer/msbuild/2003">
  <ItemGroup>
    <Filter Include="src">
      <UniqueIdentifier>{84536180-233c-4261-88f6-2a1570ee21e7}</UniqueIdentifier>
    </Filter>
    <Filter Include="src\3rd">
      <UniqueIdentifier>{b0f1a0ef-1402-4e36-86dc-1c1c710a7710}</UniqueIdentifier>
    </Filter>
    <Filter Include="src\3rd\crypt">
      <UniqueIdentifier>{122821da-a7af-4c32-8953-f0c421d3ba5c}</UniqueIdentifier>
    </Filter>
    <Filter Include="src\3rd\http_parser">
      <UniqueIdentifier>{71c3d86e-ea2f-40e5-bd1d-a883c97711e5}</UniqueIdentifier>
    </Filter>
    <Filter Include="src\3rd\mjson">
      <UniqueIdentifier>{4a4818ea-d9da-447d-8c64-3896f0728457}</UniqueIdentifier>
    </Filter>
    <Filter Include="src\utils">
      <UniqueIdentifier>{4ffd9bd4-6e0f-4a6d-a422-3b3a8a9dac9d}</UniqueIdentifier>
    </Filter>
    <Filter Include="src\moduel">
      <UniqueIdentifier>{f931d23f-db31-4ba0-9a63-2d1cc2c2cbd4}</UniqueIdentifier>
    </Filter>
    <Filter Include="src\moduel\net">
      <UniqueIdentifier>{ce3753d7-ea0c-41b6-9f5b-686a310738fd}</UniqueIdentifier>
    </Filter>
    <Filter Include="src\moduel\netbus">
      <UniqueIdentifier>{1f2a46bb-28ff-4d39-9fbf-1ba827c0e243}</UniqueIdentifier>
    </Filter>
    <Filter Include="src\moduel\session">
      <UniqueIdentifier>{01a26c71-21a3-4607-a076-a67a94fd02a8}</UniqueIdentifier>
    </Filter>
  </ItemGroup>
  <ItemGroup>
    <ClCompile Include="..\3rd\crypt\base64_encoder.c">
      <Filter>src\3rd\crypt</Filter>
    </ClCompile>
    <ClCompile Include="..\3rd\crypt\sha1.c">
      <Filter>src\3rd\crypt</Filter>
    </ClCompile>
    <ClCompile Include="..\3rd\http_parser\http_parser.c">
      <Filter>src\3rd\http_parser</Filter>
    </ClCompile>
    <ClCompile Include="..\3rd\mjson\json.c">
      <Filter>src\3rd\mjson</Filter>
    </ClCompile>
    <ClCompile Include="..\3rd\mjson\json_extends.c">
      <Filter>src\3rd\mjson</Filter>
    </ClCompile>
    <ClCompile Include="..\utils\log.c">
      <Filter>src\utils</Filter>
    </ClCompile>
    <ClCompile Include="..\utils\timer_list.c">
      <Filter>src\utils</Filter>
    </ClCompile>
    <ClCompile Include="..\game_server\main.c" />
    <ClCompile Include="..\game_server\src\game_config.c">
      <Filter>src</Filter>
    </ClCompile>
    <ClCompile Include="..\moduel\net\net_iocp_win.c">
      <Filter>src\moduel\net</Filter>
    </ClCompile>
    <ClCompile Include="..\moduel\netbus\netbus.c">
      <Filter>src\moduel\netbus</Filter>
    </ClCompile>
    <ClCompile Include="..\moduel\session\tcp_session.c">
      <Filter>src\moduel\session</Filter>
    </ClCompile>
  </ItemGroup>
  <ItemGroup>
    <ClInclude Include="..\3rd\crypt\base64_encoder.h">
      <Filter>src\3rd\crypt</Filter>
    </ClInclude>
    <ClInclude Include="..\3rd\crypt\sha1.h">
      <Filter>src\3rd\crypt</Filter>
    </ClInclude>
    <ClInclude Include="..\3rd\http_parser\http_parser.h">
      <Filter>src\3rd\http_parser</Filter>
    </ClInclude>
    <ClInclude Include="..\3rd\mjson\json.h">
      <Filter>src\3rd\mjson</Filter>
    </ClInclude>
    <ClInclude Include="..\3rd\mjson\json_extends.h">
      <Filter>src\3rd\mjson</Filter>
    </ClInclude>
    <ClInclude Include="..\utils\log.h">
      <Filter>src\utils</Filter>
    </ClInclude>
    <ClInclude Include="..\utils\timer.h">
      <Filter>src\utils</Filter>
    </ClInclude>
    <ClInclude Include="..\utils\timer_list.h">
      <Filter>src\utils</Filter>
    </ClInclude>
    <ClInclude Include="..\game_server\src\game_config.h">
      <Filter>src</Filter>
    </ClInclude>
    <ClInclude Include="..\moduel\net\net_io.h">
      <Filter>src\moduel\net</Filter>
    </ClInclude>
    <ClInclude Include="..\moduel\netbus\netbus.h">
      <Filter>src\moduel\netbus</Filter>
    </ClInclude>
    <ClInclude Include="..\moduel\session\tcp_session.h">
      <Filter>src\moduel\session</Filter>
    </ClInclude>
  </ItemGroup>
</Project>