<?xml version="1.0" encoding="utf-8"?>
<Project ToolsVersion="4.0" xmlns="http://schemas.microsoft.com/developer/msbuild/2003">
  <ItemGroup>
    <Filter Include="src">
      <UniqueIdentifier>{15bab8e0-4fa9-40d8-a50d-3cfad0982e4a}</UniqueIdentifier>
    </Filter>
    <Filter Include="src\3rd">
      <UniqueIdentifier>{d58c7afe-c3b6-4f4f-a9e2-d09abd00226d}</UniqueIdentifier>
    </Filter>
    <Filter Include="src\3rd\crypt">
      <UniqueIdentifier>{0bc6d28e-5623-4063-a5e5-a36c11071b30}</UniqueIdentifier>
    </Filter>
    <Filter Include="src\3rd\http_parser">
      <UniqueIdentifier>{f59af161-87d7-458e-8e99-9b4e4f675e3c}</UniqueIdentifier>
    </Filter>
    <Filter Include="src\3rd\mjson">
      <UniqueIdentifier>{3a470523-ee28-46e3-938d-5efcb501ad35}</UniqueIdentifier>
    </Filter>
    <Filter Include="src\utils">
      <UniqueIdentifier>{b8a3318e-1673-4f4c-8dc5-2e0de8d08e35}</UniqueIdentifier>
    </Filter>
    <Filter Include="src\moduel">
      <UniqueIdentifier>{cff2721e-583b-4655-afb5-a5cd96f2ee43}</UniqueIdentifier>
    </Filter>
    <Filter Include="src\moduel\net">
      <UniqueIdentifier>{40c6c933-4f3c-450b-8ec5-365197ac8493}</UniqueIdentifier>
    </Filter>
    <Filter Include="src\moduel\netbus">
      <UniqueIdentifier>{526e67ce-16e7-416b-9bb2-f8798f44a1ff}</UniqueIdentifier>
    </Filter>
    <Filter Include="src\moduel\session">
      <UniqueIdentifier>{9251d204-6435-4e82-baf2-0ef1a525f71e}</UniqueIdentifier>
    </Filter>
    <Filter Include="src\3rd\md5">
      <UniqueIdentifier>{b6a2ab62-3bfb-421b-81e0-1aadd9ef2f1a}</UniqueIdentifier>
    </Filter>
    <Filter Include="src\devlop">
      <UniqueIdentifier>{3989911c-07ca-428d-a285-5f16a17e3042}</UniqueIdentifier>
    </Filter>
    <Filter Include="src\devlop\centerserver">
      <UniqueIdentifier>{fcf4c91b-e8e4-4d90-847a-8b087aef06a6}</UniqueIdentifier>
    </Filter>
    <Filter Include="src\devlop\commserver">
      <UniqueIdentifier>{0167fca2-03fc-404f-ab20-56b2403541b7}</UniqueIdentifier>
    </Filter>
    <Filter Include="src\devlop\gameserver">
      <UniqueIdentifier>{889578c0-769b-4e95-9458-e73b0367bddf}</UniqueIdentifier>
    </Filter>
    <Filter Include="src\devlop\centerserver\logic_moduels">
      <UniqueIdentifier>{5632f154-033a-411b-ba6d-1c390784c927}</UniqueIdentifier>
    </Filter>
    <Filter Include="src\database">
      <UniqueIdentifier>{60e8a975-2887-41ca-8134-8e68ad5e1de6}</UniqueIdentifier>
    </Filter>
    <Filter Include="src\devlop\centerserver\db_moduels">
      <UniqueIdentifier>{611a89fd-0e7f-4491-b864-11944b577d11}</UniqueIdentifier>
    </Filter>
    <Filter Include="src\3rd\libuv">
      <UniqueIdentifier>{2437e5f1-f21b-493c-ae7a-60cea4979cc0}</UniqueIdentifier>
    </Filter>
    <Filter Include="src\3rd\libuv\include">
      <UniqueIdentifier>{df4d7d83-f53c-43bb-b0a3-a46c441549e6}</UniqueIdentifier>
    </Filter>
    <Filter Include="src\3rd\libuv\src">
      <UniqueIdentifier>{61402270-f0af-4df9-95fc-5e18a2c166dd}</UniqueIdentifier>
    </Filter>
    <Filter Include="src\3rd\libuv\src\win">
      <UniqueIdentifier>{c8d18597-9101-4e98-b895-681cb0473a45}</UniqueIdentifier>
    </Filter>
    <Filter Include="src\3rd\lua">
      <UniqueIdentifier>{748bdfed-32ca-4524-8012-51c42e721afc}</UniqueIdentifier>
    </Filter>
    <Filter Include="src\lua_wrapper">
      <UniqueIdentifier>{48d84570-8979-4990-8903-1fe9b1693aa2}</UniqueIdentifier>
    </Filter>
    <Filter Include="src\3rd\tolua">
      <UniqueIdentifier>{ffcd5ecf-87ea-4461-a643-e2ecba6a93c3}</UniqueIdentifier>
    </Filter>
    <Filter Include="src\proto">
      <UniqueIdentifier>{75b65332-6f50-440d-b762-b9b67fd2e582}</UniqueIdentifier>
    </Filter>
    <Filter Include="src\export_module">
      <UniqueIdentifier>{298db50c-10a7-40a1-922d-92e66223774f}</UniqueIdentifier>
    </Filter>
    <Filter Include="src\script">
      <UniqueIdentifier>{46428f10-f049-47c7-bcb4-4713e4e7830d}</UniqueIdentifier>
    </Filter>
    <Filter Include="src\script\gateway_server">
      <UniqueIdentifier>{90da8699-8417-4187-a8b5-118002d4cf55}</UniqueIdentifier>
    </Filter>
    <Filter Include="src\script\auth_server">
      <UniqueIdentifier>{c131acbe-cd08-4252-b84e-4ffca587270f}</UniqueIdentifier>
    </Filter>
    <Filter Include="src\script\database">
      <UniqueIdentifier>{7fa135a6-f10b-4c2a-9176-b994c1646e5f}</UniqueIdentifier>
    </Filter>
    <Filter Include="src\script\system_server">
      <UniqueIdentifier>{592ebeaf-fec6-4fa7-9544-85254f1a00f5}</UniqueIdentifier>
    </Filter>
    <Filter Include="src\script\logic_server">
      <UniqueIdentifier>{4b1dcb82-5eb1-45f0-8067-63142e74c117}</UniqueIdentifier>
    </Filter>
  </ItemGroup>
  <ItemGroup>
    <ClCompile Include="..\3rd\crypt\base64_encoder.c">
      <Filter>src\3rd\crypt</Filter>
    </ClCompile>
    <ClCompile Include="..\3rd\crypt\sha1.c">
      <Filter>src\3rd\crypt</Filter>
    </ClCompile>
    <ClCompile Include="..\3rd\http_parser\http_parser.c">
      <Filter>src\3rd\http_parser</Filter>
    </ClCompile>
    <ClCompile Include="..\3rd\mjson\json.c">
      <Filter>src\3rd\mjson</Filter>
    </ClCompile>
    <ClCompile Include="..\3rd\mjson\json_extends.c">
      <Filter>src\3rd\mjson</Filter>
    </ClCompile>
    <ClCompile Include="..\utils\log.c">
      <Filter>src\utils</Filter>
    </ClCompile>
    <ClCompile Include="..\utils\timer_list.c">
      <Filter>src\utils</Filter>
    </ClCompile>
    <ClCompile Include="..\utils\hash_map_int.c">
      <Filter>src\utils</Filter>
    </ClCompile>
    <ClCompile Include="..\moduel\net\net_iocp_win.c">
      <Filter>src\moduel\net</Filter>
    </ClCompile>
    <ClCompile Include="..\3rd\md5\md5.c">
      <Filter>src\3rd\md5</Filter>
    </ClCompile>
    <ClCompile Include="..\center_server\src\cener_config.c">
      <Filter>src\devlop\centerserver</Filter>
    </ClCompile>
    <ClCompile Include="..\command_server\src\command_config.c">
      <Filter>src\devlop\commserver</Filter>
    </ClCompile>
    <ClCompile Include="..\game_server\src\game_config.c">
      <Filter>src\devlop\gameserver</Filter>
    </ClCompile>
    <ClCompile Include="..\database\center_db_conf.c">
      <Filter>src\database</Filter>
    </ClCompile>
    <ClCompile Include="..\3rd\libuv\src\fs-poll.c">
      <Filter>src\3rd\libuv\src</Filter>
    </ClCompile>
    <ClCompile Include="..\3rd\libuv\src\inet.c">
      <Filter>src\3rd\libuv\src</Filter>
    </ClCompile>
    <ClCompile Include="..\3rd\libuv\src\threadpool.c">
      <Filter>src\3rd\libuv\src</Filter>
    </ClCompile>
    <ClCompile Include="..\3rd\libuv\src\uv-common.c">
      <Filter>src\3rd\libuv\src</Filter>
    </ClCompile>
    <ClCompile Include="..\3rd\libuv\src\version.c">
      <Filter>src\3rd\libuv\src</Filter>
    </ClCompile>
    <ClCompile Include="..\3rd\libuv\src\win\async.c">
      <Filter>src\3rd\libuv\src\win</Filter>
    </ClCompile>
    <ClCompile Include="..\3rd\libuv\src\win\core.c">
      <Filter>src\3rd\libuv\src\win</Filter>
    </ClCompile>
    <ClCompile Include="..\3rd\libuv\src\win\dl.c">
      <Filter>src\3rd\libuv\src\win</Filter>
    </ClCompile>
    <ClCompile Include="..\3rd\libuv\src\win\error.c">
      <Filter>src\3rd\libuv\src\win</Filter>
    </ClCompile>
    <ClCompile Include="..\3rd\libuv\src\win\fs.c">
      <Filter>src\3rd\libuv\src\win</Filter>
    </ClCompile>
    <ClCompile Include="..\3rd\libuv\src\win\fs-event.c">
      <Filter>src\3rd\libuv\src\win</Filter>
    </ClCompile>
    <ClCompile Include="..\3rd\libuv\src\win\getaddrinfo.c">
      <Filter>src\3rd\libuv\src\win</Filter>
    </ClCompile>
    <ClCompile Include="..\3rd\libuv\src\win\getnameinfo.c">
      <Filter>src\3rd\libuv\src\win</Filter>
    </ClCompile>
    <ClCompile Include="..\3rd\libuv\src\win\handle.c">
      <Filter>src\3rd\libuv\src\win</Filter>
    </ClCompile>
    <ClCompile Include="..\3rd\libuv\src\win\loop-watcher.c">
      <Filter>src\3rd\libuv\src\win</Filter>
    </ClCompile>
    <ClCompile Include="..\3rd\libuv\src\win\pipe.c">
      <Filter>src\3rd\libuv\src\win</Filter>
    </ClCompile>
    <ClCompile Include="..\3rd\libuv\src\win\poll.c">
      <Filter>src\3rd\libuv\src\win</Filter>
    </ClCompile>
    <ClCompile Include="..\3rd\libuv\src\win\process.c">
      <Filter>src\3rd\libuv\src\win</Filter>
    </ClCompile>
    <ClCompile Include="..\3rd\libuv\src\win\process-stdio.c">
      <Filter>src\3rd\libuv\src\win</Filter>
    </ClCompile>
    <ClCompile Include="..\3rd\libuv\src\win\req.c">
      <Filter>src\3rd\libuv\src\win</Filter>
    </ClCompile>
    <ClCompile Include="..\3rd\libuv\src\win\signal.c">
      <Filter>src\3rd\libuv\src\win</Filter>
    </ClCompile>
    <ClCompile Include="..\3rd\libuv\src\win\snprintf.c">
      <Filter>src\3rd\libuv\src\win</Filter>
    </ClCompile>
    <ClCompile Include="..\3rd\libuv\src\win\stream.c">
      <Filter>src\3rd\libuv\src\win</Filter>
    </ClCompile>
    <ClCompile Include="..\3rd\libuv\src\win\tcp.c">
      <Filter>src\3rd\libuv\src\win</Filter>
    </ClCompile>
    <ClCompile Include="..\3rd\libuv\src\win\thread.c">
      <Filter>src\3rd\libuv\src\win</Filter>
    </ClCompile>
    <ClCompile Include="..\3rd\libuv\src\win\timer.c">
      <Filter>src\3rd\libuv\src\win</Filter>
    </ClCompile>
    <ClCompile Include="..\3rd\libuv\src\win\tty.c">
      <Filter>src\3rd\libuv\src\win</Filter>
    </ClCompile>
    <ClCompile Include="..\3rd\libuv\src\win\udp.c">
      <Filter>src\3rd\libuv\src\win</Filter>
    </ClCompile>
    <ClCompile Include="..\3rd\libuv\src\win\util.c">
      <Filter>src\3rd\libuv\src\win</Filter>
    </ClCompile>
    <ClCompile Include="..\3rd\libuv\src\win\winapi.c">
      <Filter>src\3rd\libuv\src\win</Filter>
    </ClCompile>
    <ClCompile Include="..\3rd\libuv\src\win\winsock.c">
      <Filter>src\3rd\libuv\src\win</Filter>
    </ClCompile>
    <ClCompile Include="..\3rd\lua\lapi.c">
      <Filter>src\3rd\lua</Filter>
    </ClCompile>
    <ClCompile Include="..\3rd\lua\lauxlib.c">
      <Filter>src\3rd\lua</Filter>
    </ClCompile>
    <ClCompile Include="..\3rd\lua\lbaselib.c">
      <Filter>src\3rd\lua</Filter>
    </ClCompile>
    <ClCompile Include="..\3rd\lua\lbitlib.c">
      <Filter>src\3rd\lua</Filter>
    </ClCompile>
    <ClCompile Include="..\3rd\lua\lcode.c">
      <Filter>src\3rd\lua</Filter>
    </ClCompile>
    <ClCompile Include="..\3rd\lua\lcorolib.c">
      <Filter>src\3rd\lua</Filter>
    </ClCompile>
    <ClCompile Include="..\3rd\lua\lctype.c">
      <Filter>src\3rd\lua</Filter>
    </ClCompile>
    <ClCompile Include="..\3rd\lua\ldblib.c">
      <Filter>src\3rd\lua</Filter>
    </ClCompile>
    <ClCompile Include="..\3rd\lua\ldebug.c">
      <Filter>src\3rd\lua</Filter>
    </ClCompile>
    <ClCompile Include="..\3rd\lua\ldo.c">
      <Filter>src\3rd\lua</Filter>
    </ClCompile>
    <ClCompile Include="..\3rd\lua\ldump.c">
      <Filter>src\3rd\lua</Filter>
    </ClCompile>
    <ClCompile Include="..\3rd\lua\lfunc.c">
      <Filter>src\3rd\lua</Filter>
    </ClCompile>
    <ClCompile Include="..\3rd\lua\lgc.c">
      <Filter>src\3rd\lua</Filter>
    </ClCompile>
    <ClCompile Include="..\3rd\lua\linit.c">
      <Filter>src\3rd\lua</Filter>
    </ClCompile>
    <ClCompile Include="..\3rd\lua\liolib.c">
      <Filter>src\3rd\lua</Filter>
    </ClCompile>
    <ClCompile Include="..\3rd\lua\llex.c">
      <Filter>src\3rd\lua</Filter>
    </ClCompile>
    <ClCompile Include="..\3rd\lua\lmathlib.c">
      <Filter>src\3rd\lua</Filter>
    </ClCompile>
    <ClCompile Include="..\3rd\lua\lmem.c">
      <Filter>src\3rd\lua</Filter>
    </ClCompile>
    <ClCompile Include="..\3rd\lua\loadlib.c">
      <Filter>src\3rd\lua</Filter>
    </ClCompile>
    <ClCompile Include="..\3rd\lua\lobject.c">
      <Filter>src\3rd\lua</Filter>
    </ClCompile>
    <ClCompile Include="..\3rd\lua\lopcodes.c">
      <Filter>src\3rd\lua</Filter>
    </ClCompile>
    <ClCompile Include="..\3rd\lua\loslib.c">
      <Filter>src\3rd\lua</Filter>
    </ClCompile>
    <ClCompile Include="..\3rd\lua\lparser.c">
      <Filter>src\3rd\lua</Filter>
    </ClCompile>
    <ClCompile Include="..\3rd\lua\lstate.c">
      <Filter>src\3rd\lua</Filter>
    </ClCompile>
    <ClCompile Include="..\3rd\lua\lstring.c">
      <Filter>src\3rd\lua</Filter>
    </ClCompile>
    <ClCompile Include="..\3rd\lua\lstrlib.c">
      <Filter>src\3rd\lua</Filter>
    </ClCompile>
    <ClCompile Include="..\3rd\lua\ltable.c">
      <Filter>src\3rd\lua</Filter>
    </ClCompile>
    <ClCompile Include="..\3rd\lua\ltablib.c">
      <Filter>src\3rd\lua</Filter>
    </ClCompile>
    <ClCompile Include="..\3rd\lua\ltm.c">
      <Filter>src\3rd\lua</Filter>
    </ClCompile>
    <ClCompile Include="..\3rd\lua\lundump.c">
      <Filter>src\3rd\lua</Filter>
    </ClCompile>
    <ClCompile Include="..\3rd\lua\lutf8lib.c">
      <Filter>src\3rd\lua</Filter>
    </ClCompile>
    <ClCompile Include="..\3rd\lua\lvm.c">
      <Filter>src\3rd\lua</Filter>
    </ClCompile>
    <ClCompile Include="..\3rd\lua\lzio.c">
      <Filter>src\3rd\lua</Filter>
    </ClCompile>
    <ClCompile Include="..\lua_wrapper\lua_wrapper.cpp">
      <Filter>src\lua_wrapper</Filter>
    </ClCompile>
    <ClCompile Include="..\utils\logger.cc">
      <Filter>src\utils</Filter>
    </ClCompile>
    <ClCompile Include="..\database\mysql_warpper.cpp">
      <Filter>src\database</Filter>
    </ClCompile>
    <ClCompile Include="..\center_server\src\logic_moduels\auth.cpp">
      <Filter>src\devlop\centerserver\logic_moduels</Filter>
    </ClCompile>
    <ClCompile Include="..\center_server\src\center_services.cpp">
      <Filter>src\devlop\centerserver</Filter>
    </ClCompile>
    <ClCompile Include="..\database\center_db.cpp">
      <Filter>src\database</Filter>
    </ClCompile>
    <ClCompile Include="..\center_server\src\db_moduels\login_moduel.cpp">
      <Filter>src\devlop\centerserver\db_moduels</Filter>
    </ClCompile>
    <ClCompile Include="..\3rd\tolua\tolua_event.c">
      <Filter>src\3rd\tolua</Filter>
    </ClCompile>
    <ClCompile Include="..\3rd\tolua\tolua_fix.cc">
      <Filter>src\3rd\tolua</Filter>
    </ClCompile>
    <ClCompile Include="..\3rd\tolua\tolua_is.c">
      <Filter>src\3rd\tolua</Filter>
    </ClCompile>
    <ClCompile Include="..\3rd\tolua\tolua_map.c">
      <Filter>src\3rd\tolua</Filter>
    </ClCompile>
    <ClCompile Include="..\3rd\tolua\tolua_push.c">
      <Filter>src\3rd\tolua</Filter>
    </ClCompile>
    <ClCompile Include="..\3rd\tolua\tolua_to.c">
      <Filter>src\3rd\tolua</Filter>
    </ClCompile>
    <ClCompile Include="..\database\redis_warpper.cpp">
      <Filter>src\database</Filter>
    </ClCompile>
    <ClCompile Include="..\moduel\netbus\service_interface.cpp">
      <Filter>src\moduel\netbus</Filter>
    </ClCompile>
    <ClCompile Include="..\moduel\netbus\netbus.cpp">
      <Filter>src\moduel\netbus</Filter>
    </ClCompile>
    <ClCompile Include="..\gateway_server\src\server_session_mgr.cpp">
      <Filter>src</Filter>
    </ClCompile>
    <ClCompile Include="..\moduel\netbus\session_key_mgr.cpp">
      <Filter>src\moduel\netbus</Filter>
    </ClCompile>
    <ClCompile Include="..\command.cpp">
      <Filter>src</Filter>
    </ClCompile>
    <ClCompile Include="..\gateway_server\src\from_client.cpp">
      <Filter>src</Filter>
    </ClCompile>
    <ClCompile Include="..\gateway_server\src\gw_config.cpp">
      <Filter>src</Filter>
    </ClCompile>
    <ClCompile Include="..\gateway_server\src\return_server.cpp">
      <Filter>src</Filter>
    </ClCompile>
    <ClCompile Include="..\moduel\session\tcp_session.cpp">
      <Filter>src\moduel\session</Filter>
    </ClCompile>
    <ClCompile Include="..\moduel\net\net_uv.cpp">
      <Filter>src\moduel\net</Filter>
    </ClCompile>
    <ClCompile Include="..\moduel\netbus\service_manger.cpp">
      <Filter>src\moduel\netbus</Filter>
    </ClCompile>
    <ClCompile Include="..\proto\message.pb.cc">
      <Filter>src\proto</Filter>
    </ClCompile>
    <ClCompile Include="..\proto\pb_cmd_map.cpp">
      <Filter>src\proto</Filter>
    </ClCompile>
    <ClCompile Include="..\proto\proto_manage.cpp">
      <Filter>src\proto</Filter>
    </ClCompile>
    <ClCompile Include="..\proto\game.pb.cc">
      <Filter>src\proto</Filter>
    </ClCompile>
    <ClCompile Include="..\moduel\session\udp_session.cpp">
      <Filter>src\moduel\session</Filter>
    </ClCompile>
    <ClCompile Include="..\utils\timer_uv_list.cpp">
      <Filter>src\utils</Filter>
    </ClCompile>
    <ClCompile Include="..\export_module\timer_export_to_lua.cpp">
      <Filter>src\export_module</Filter>
    </ClCompile>
    <ClCompile Include="..\utils\mem_manger.cpp">
      <Filter>src\utils</Filter>
    </ClCompile>
    <ClCompile Include="..\export_module\mysql_export_to_lua.cpp">
      <Filter>src\export_module</Filter>
    </ClCompile>
    <ClCompile Include="..\export_module\redis_export_to_lua.cpp">
      <Filter>src\export_module</Filter>
    </ClCompile>
    <ClCompile Include="..\export_module\service_export_to_lua.cpp">
      <Filter>src\export_module</Filter>
    </ClCompile>
    <ClCompile Include="..\export_module\session_export_to_lua.cpp">
      <Filter>src\export_module</Filter>
    </ClCompile>
    <ClCompile Include="..\export_module\netbus_export_to_lua.cpp">
      <Filter>src\export_module</Filter>
    </ClCompile>
    <ClCompile Include="..\export_module\proto_mgr_export_to_lua.cpp">
      <Filter>src\export_module</Filter>
    </ClCompile>
    <ClCompile Include="..\main.cpp">
      <Filter>src</Filter>
    </ClCompile>
    <ClCompile Include="..\utils\timestamp.c">
      <Filter>src\utils</Filter>
    </ClCompile>
    <ClCompile Include="..\export_module\utils_export_to_lua.cpp">
      <Filter>src\export_module</Filter>
    </ClCompile>
  </ItemGroup>
  <ItemGroup>
    <ClInclude Include="..\3rd\crypt\base64_encoder.h">
      <Filter>src\3rd\crypt</Filter>
    </ClInclude>
    <ClInclude Include="..\3rd\crypt\sha1.h">
      <Filter>src\3rd\crypt</Filter>
    </ClInclude>
    <ClInclude Include="..\3rd\http_parser\http_parser.h">
      <Filter>src\3rd\http_parser</Filter>
    </ClInclude>
    <ClInclude Include="..\3rd\mjson\json.h">
      <Filter>src\3rd\mjson</Filter>
    </ClInclude>
    <ClInclude Include="..\3rd\mjson\json_extends.h">
      <Filter>src\3rd\mjson</Filter>
    </ClInclude>
    <ClInclude Include="..\utils\log.h">
      <Filter>src\utils</Filter>
    </ClInclude>
    <ClInclude Include="..\utils\timer.h">
      <Filter>src\utils</Filter>
    </ClInclude>
    <ClInclude Include="..\utils\timer_list.h">
      <Filter>src\utils</Filter>
    </ClInclude>
    <ClInclude Include="..\gateway_server\src\gw_config.h">
      <Filter>src</Filter>
    </ClInclude>
    <ClInclude Include="..\gateway_server\src\server_session_mgr.h">
      <Filter>src</Filter>
    </ClInclude>
    <ClInclude Include="..\types_service.h">
      <Filter>src</Filter>
    </ClInclude>
    <ClInclude Include="..\gateway_server\src\from_client.h">
      <Filter>src</Filter>
    </ClInclude>
    <ClInclude Include="..\protocal_cmd.h">
      <Filter>src</Filter>
    </ClInclude>
    <ClInclude Include="..\gateway_server\src\return_server.h">
      <Filter>src</Filter>
    </ClInclude>
    <ClInclude Include="..\utils\hash_map_int.h">
      <Filter>src\utils</Filter>
    </ClInclude>
    <ClInclude Include="..\moduel\netbus\netbus.h">
      <Filter>src\moduel\netbus</Filter>
    </ClInclude>
    <ClInclude Include="..\moduel\session\tcp_session.h">
      <Filter>src\moduel\session</Filter>
    </ClInclude>
    <ClInclude Include="..\3rd\md5\md5.h">
      <Filter>src\3rd\md5</Filter>
    </ClInclude>
    <ClInclude Include="..\center_server\src\cener_config.h">
      <Filter>src\devlop\centerserver</Filter>
    </ClInclude>
    <ClInclude Include="..\center_server\src\center_services.h">
      <Filter>src\devlop\centerserver</Filter>
    </ClInclude>
    <ClInclude Include="..\command_server\src\command_config.h">
      <Filter>src\devlop\commserver</Filter>
    </ClInclude>
    <ClInclude Include="..\game_server\src\game_config.h">
      <Filter>src\devlop\gameserver</Filter>
    </ClInclude>
    <ClInclude Include="..\command.h">
      <Filter>src</Filter>
    </ClInclude>
    <ClInclude Include="..\error_command.h">
      <Filter>src</Filter>
    </ClInclude>
    <ClInclude Include="..\center_server\src\logic_moduels\auth.h">
      <Filter>src\devlop\centerserver\logic_moduels</Filter>
    </ClInclude>
    <ClInclude Include="..\database\center_db.h">
      <Filter>src\database</Filter>
    </ClInclude>
    <ClInclude Include="..\database\center_db_conf.h">
      <Filter>src\database</Filter>
    </ClInclude>
    <ClInclude Include="..\center_server\src\db_moduels\login_moduel.h">
      <Filter>src\devlop\centerserver\db_moduels</Filter>
    </ClInclude>
    <ClInclude Include="..\moduel\netbus\session_key_mgr.h">
      <Filter>src\moduel\netbus</Filter>
    </ClInclude>
    <ClInclude Include="..\3rd\libuv\include\android-ifaddrs.h">
      <Filter>src\3rd\libuv\include</Filter>
    </ClInclude>
    <ClInclude Include="..\3rd\libuv\include\pthread-barrier.h">
      <Filter>src\3rd\libuv\include</Filter>
    </ClInclude>
    <ClInclude Include="..\3rd\libuv\include\stdint-msvc2008.h">
      <Filter>src\3rd\libuv\include</Filter>
    </ClInclude>
    <ClInclude Include="..\3rd\libuv\include\tree.h">
      <Filter>src\3rd\libuv\include</Filter>
    </ClInclude>
    <ClInclude Include="..\3rd\libuv\include\uv.h">
      <Filter>src\3rd\libuv\include</Filter>
    </ClInclude>
    <ClInclude Include="..\3rd\libuv\include\uv-aix.h">
      <Filter>src\3rd\libuv\include</Filter>
    </ClInclude>
    <ClInclude Include="..\3rd\libuv\include\uv-bsd.h">
      <Filter>src\3rd\libuv\include</Filter>
    </ClInclude>
    <ClInclude Include="..\3rd\libuv\include\uv-darwin.h">
      <Filter>src\3rd\libuv\include</Filter>
    </ClInclude>
    <ClInclude Include="..\3rd\libuv\include\uv-errno.h">
      <Filter>src\3rd\libuv\include</Filter>
    </ClInclude>
    <ClInclude Include="..\3rd\libuv\include\uv-linux.h">
      <Filter>src\3rd\libuv\include</Filter>
    </ClInclude>
    <ClInclude Include="..\3rd\libuv\include\uv-sunos.h">
      <Filter>src\3rd\libuv\include</Filter>
    </ClInclude>
    <ClInclude Include="..\3rd\libuv\include\uv-threadpool.h">
      <Filter>src\3rd\libuv\include</Filter>
    </ClInclude>
    <ClInclude Include="..\3rd\libuv\include\uv-unix.h">
      <Filter>src\3rd\libuv\include</Filter>
    </ClInclude>
    <ClInclude Include="..\3rd\libuv\include\uv-version.h">
      <Filter>src\3rd\libuv\include</Filter>
    </ClInclude>
    <ClInclude Include="..\3rd\libuv\include\uv-win.h">
      <Filter>src\3rd\libuv\include</Filter>
    </ClInclude>
    <ClInclude Include="..\3rd\libuv\src\heap-inl.h">
      <Filter>src\3rd\libuv\src</Filter>
    </ClInclude>
    <ClInclude Include="..\3rd\libuv\src\queue.h">
      <Filter>src\3rd\libuv\src</Filter>
    </ClInclude>
    <ClInclude Include="..\3rd\libuv\src\uv-common.h">
      <Filter>src\3rd\libuv\src</Filter>
    </ClInclude>
    <ClInclude Include="..\3rd\libuv\src\win\atomicops-inl.h">
      <Filter>src\3rd\libuv\src\win</Filter>
    </ClInclude>
    <ClInclude Include="..\3rd\libuv\src\win\handle-inl.h">
      <Filter>src\3rd\libuv\src\win</Filter>
    </ClInclude>
    <ClInclude Include="..\3rd\libuv\src\win\internal.h">
      <Filter>src\3rd\libuv\src\win</Filter>
    </ClInclude>
    <ClInclude Include="..\3rd\libuv\src\win\req-inl.h">
      <Filter>src\3rd\libuv\src\win</Filter>
    </ClInclude>
    <ClInclude Include="..\3rd\libuv\src\win\stream-inl.h">
      <Filter>src\3rd\libuv\src\win</Filter>
    </ClInclude>
    <ClInclude Include="..\3rd\libuv\src\win\winapi.h">
      <Filter>src\3rd\libuv\src\win</Filter>
    </ClInclude>
    <ClInclude Include="..\3rd\libuv\src\win\winsock.h">
      <Filter>src\3rd\libuv\src\win</Filter>
    </ClInclude>
    <ClInclude Include="..\3rd\lua\lapi.h">
      <Filter>src\3rd\lua</Filter>
    </ClInclude>
    <ClInclude Include="..\3rd\lua\lauxlib.h">
      <Filter>src\3rd\lua</Filter>
    </ClInclude>
    <ClInclude Include="..\3rd\lua\lcode.h">
      <Filter>src\3rd\lua</Filter>
    </ClInclude>
    <ClInclude Include="..\3rd\lua\lctype.h">
      <Filter>src\3rd\lua</Filter>
    </ClInclude>
    <ClInclude Include="..\3rd\lua\ldebug.h">
      <Filter>src\3rd\lua</Filter>
    </ClInclude>
    <ClInclude Include="..\3rd\lua\ldo.h">
      <Filter>src\3rd\lua</Filter>
    </ClInclude>
    <ClInclude Include="..\3rd\lua\lfunc.h">
      <Filter>src\3rd\lua</Filter>
    </ClInclude>
    <ClInclude Include="..\3rd\lua\lgc.h">
      <Filter>src\3rd\lua</Filter>
    </ClInclude>
    <ClInclude Include="..\3rd\lua\llex.h">
      <Filter>src\3rd\lua</Filter>
    </ClInclude>
    <ClInclude Include="..\3rd\lua\llimits.h">
      <Filter>src\3rd\lua</Filter>
    </ClInclude>
    <ClInclude Include="..\3rd\lua\lmem.h">
      <Filter>src\3rd\lua</Filter>
    </ClInclude>
    <ClInclude Include="..\3rd\lua\lobject.h">
      <Filter>src\3rd\lua</Filter>
    </ClInclude>
    <ClInclude Include="..\3rd\lua\lopcodes.h">
      <Filter>src\3rd\lua</Filter>
    </ClInclude>
    <ClInclude Include="..\3rd\lua\lparser.h">
      <Filter>src\3rd\lua</Filter>
    </ClInclude>
    <ClInclude Include="..\3rd\lua\lprefix.h">
      <Filter>src\3rd\lua</Filter>
    </ClInclude>
    <ClInclude Include="..\3rd\lua\lstate.h">
      <Filter>src\3rd\lua</Filter>
    </ClInclude>
    <ClInclude Include="..\3rd\lua\lstring.h">
      <Filter>src\3rd\lua</Filter>
    </ClInclude>
    <ClInclude Include="..\3rd\lua\ltable.h">
      <Filter>src\3rd\lua</Filter>
    </ClInclude>
    <ClInclude Include="..\3rd\lua\ltm.h">
      <Filter>src\3rd\lua</Filter>
    </ClInclude>
    <ClInclude Include="..\3rd\lua\lua.h">
      <Filter>src\3rd\lua</Filter>
    </ClInclude>
    <ClInclude Include="..\3rd\lua\lua.hpp">
      <Filter>src\3rd\lua</Filter>
    </ClInclude>
    <ClInclude Include="..\3rd\lua\luaconf.h">
      <Filter>src\3rd\lua</Filter>
    </ClInclude>
    <ClInclude Include="..\3rd\lua\lualib.h">
      <Filter>src\3rd\lua</Filter>
    </ClInclude>
    <ClInclude Include="..\3rd\lua\lundump.h">
      <Filter>src\3rd\lua</Filter>
    </ClInclude>
    <ClInclude Include="..\3rd\lua\lvm.h">
      <Filter>src\3rd\lua</Filter>
    </ClInclude>
    <ClInclude Include="..\3rd\lua\lzio.h">
      <Filter>src\3rd\lua</Filter>
    </ClInclude>
    <ClInclude Include="..\lua_wrapper\lua_wrapper.h">
      <Filter>src\lua_wrapper</Filter>
    </ClInclude>
    <ClInclude Include="..\utils\logger.h">
      <Filter>src\utils</Filter>
    </ClInclude>
    <ClInclude Include="..\database\mysql_warpper.h">
      <Filter>src\database</Filter>
    </ClInclude>
    <ClInclude Include="..\database\query_callback.h">
      <Filter>src\database</Filter>
    </ClInclude>
    <ClInclude Include="..\3rd\tolua\tolua_event.h">
      <Filter>src\3rd\tolua</Filter>
    </ClInclude>
    <ClInclude Include="..\3rd\tolua\tolua_fix.h">
      <Filter>src\3rd\tolua</Filter>
    </ClInclude>
    <ClInclude Include="..\3rd\tolua\tolua++.h">
      <Filter>src\3rd\tolua</Filter>
    </ClInclude>
    <ClInclude Include="..\database\redis_warpper.h">
      <Filter>src\database</Filter>
    </ClInclude>
    <ClInclude Include="..\moduel\netbus\service_interface.h">
      <Filter>src\moduel\netbus</Filter>
    </ClInclude>
    <ClInclude Include="..\moduel\net\net_uv.h">
      <Filter>src\moduel\net</Filter>
    </ClInclude>
    <ClInclude Include="..\moduel\netbus\service_manger.h">
      <Filter>src\moduel\netbus</Filter>
    </ClInclude>
    <ClInclude Include="..\moduel\netbus\recv_msg.h">
      <Filter>src\moduel\netbus</Filter>
    </ClInclude>
    <ClInclude Include="..\proto\message.pb.h">
      <Filter>src\proto</Filter>
    </ClInclude>
    <ClInclude Include="..\proto\pb_cmd_map.h">
      <Filter>src\proto</Filter>
    </ClInclude>
    <ClInclude Include="..\proto\proto_manage.h">
      <Filter>src\proto</Filter>
    </ClInclude>
    <ClInclude Include="..\proto\game.pb.h">
      <Filter>src\proto</Filter>
    </ClInclude>
    <ClInclude Include="..\utils\conver.h">
      <Filter>src\utils</Filter>
    </ClInclude>
    <ClInclude Include="..\moduel\session\udp_session.h">
      <Filter>src\moduel\session</Filter>
    </ClInclude>
    <ClInclude Include="..\moduel\session\session_base.h">
      <Filter>src\moduel\session</Filter>
    </ClInclude>
    <ClInclude Include="..\utils\timer_uv_list.h">
      <Filter>src\utils</Filter>
    </ClInclude>
    <ClInclude Include="..\export_module\timer_export_to_lua.h">
      <Filter>src\export_module</Filter>
    </ClInclude>
    <ClInclude Include="..\utils\mem_manger.h">
      <Filter>src\utils</Filter>
    </ClInclude>
    <ClInclude Include="..\utils\mem_block.h">
      <Filter>src\utils</Filter>
    </ClInclude>
    <ClInclude Include="..\utils\mem_alloc.h">
      <Filter>src\utils</Filter>
    </ClInclude>
    <ClInclude Include="..\export_module\mysql_export_to_lua.h">
      <Filter>src\export_module</Filter>
    </ClInclude>
    <ClInclude Include="..\export_module\redis_export_to_lua.h">
      <Filter>src\export_module</Filter>
    </ClInclude>
    <ClInclude Include="..\export_module\service_export_to_lua.h">
      <Filter>src\export_module</Filter>
    </ClInclude>
    <ClInclude Include="..\export_module\session_export_to_lua.h">
      <Filter>src\export_module</Filter>
    </ClInclude>
    <ClInclude Include="..\export_module\netbus_export_to_lua.h">
      <Filter>src\export_module</Filter>
    </ClInclude>
    <ClInclude Include="..\export_module\proto_mgr_export_to_lua.h">
      <Filter>src\export_module</Filter>
    </ClInclude>
    <ClInclude Include="..\moduel\net\proto_type.h">
      <Filter>src\moduel\net</Filter>
    </ClInclude>
    <ClInclude Include="..\utils\timestamp.h">
      <Filter>src\utils</Filter>
    </ClInclude>
    <ClInclude Include="..\export_module\utils_export_to_lua.h">
      <Filter>src\export_module</Filter>
    </ClInclude>
  </ItemGroup>
  <ItemGroup>
    <None Include="..\proto\message.proto">
      <Filter>src\proto</Filter>
    </None>
    <None Include="..\script\main.lua">
      <Filter>src\script</Filter>
    </None>
    <None Include="..\script\main_test.lua">
      <Filter>src\script</Filter>
    </None>
    <None Include="..\script\cmd_name_map.lua">
      <Filter>src\script</Filter>
    </None>
    <None Include="..\script\cmd_type.lua">
      <Filter>src\script</Filter>
    </None>
    <None Include="..\script\service_type.lua">
      <Filter>src\script</Filter>
    </None>
    <None Include="..\proto\game.proto">
      <Filter>src\proto</Filter>
    </None>
    <None Include="..\script\conf.lua">
      <Filter>src\script</Filter>
    </None>
    <None Include="..\script\gateway_server\main.lua">
      <Filter>src\script\gateway_server</Filter>
    </None>
    <None Include="..\script\gateway_server\gateway_service.lua">
      <Filter>src\script\gateway_server</Filter>
    </None>
    <None Include="..\script\auth_server\main.lua">
      <Filter>src\script\auth_server</Filter>
    </None>
    <None Include="..\script\auth_server\auth_service.lua">
      <Filter>src\script\auth_server</Filter>
    </None>
    <None Include="..\script\database\mysql_auth_center.lua">
      <Filter>src\script\database</Filter>
    </None>
    <None Include="..\script\auth_server\guest.lua">
      <Filter>src\script\auth_server</Filter>
    </None>
    <None Include="..\script\utils.lua">
      <Filter>src\script</Filter>
    </None>
    <None Include="..\script\respones.lua">
      <Filter>src\script</Filter>
    </None>
    <None Include="..\script\socket_proto_type.lua">
      <Filter>src\script</Filter>
    </None>
    <None Include="..\script\auth_server\edit_profile.lua">
      <Filter>src\script\auth_server</Filter>
    </None>
    <None Include="..\script\database\redis_auth_center.lua">
      <Filter>src\script\database</Filter>
    </None>
    <None Include="..\script\auth_server\account_upgrade.lua">
      <Filter>src\script\auth_server</Filter>
    </None>
    <None Include="..\script\auth_server\uname_login.lua">
      <Filter>src\script\auth_server</Filter>
    </None>
    <None Include="..\script\auth_server\login_out.lua">
      <Filter>src\script\auth_server</Filter>
    </None>
    <None Include="..\script\user_game_config.lua">
      <Filter>src\script</Filter>
    </None>
    <None Include="..\script\system_server\main.lua">
      <Filter>src\script\system_server</Filter>
    </None>
    <None Include="..\script\system_server\system_service.lua">
      <Filter>src\script\system_server</Filter>
    </None>
    <None Include="..\script\system_server\user_game_info.lua">
      <Filter>src\script\system_server</Filter>
    </None>
    <None Include="..\script\database\mysql_system_ugame.lua">
      <Filter>src\script\database</Filter>
    </None>
    <None Include="..\script\system_server\login_bonues.lua">
      <Filter>src\script\system_server</Filter>
    </None>
    <None Include="..\script\logic_server\logic_service.lua">
      <Filter>src\script\logic_server</Filter>
    </None>
    <None Include="..\script\logic_server\main.lua">
      <Filter>src\script\logic_server</Filter>
    </None>
    <None Include="..\script\logic_server\logic_game_mgr.lua">
      <Filter>src\script\logic_server</Filter>
    </None>
    <None Include="..\script\logic_server\logic_player.lua">
      <Filter>src\script\logic_server</Filter>
    </None>
    <None Include="..\script\logic_server\Zone.lua">
      <Filter>src\script\logic_server</Filter>
    </None>
  </ItemGroup>
</Project>